
Microsoft Visual Studio Solution File, Format Version 12.00
# Visual Studio Version 17
VisualStudioVersion = 17.7.34024.191
MinimumVisualStudioVersion = 10.0.40219.1
Project("{FAE04EC0-301F-11D3-BF4B-00C04F79EFBC}") = "Scheduler Prototype", "Scheduler Prototype\Scheduler Prototype.csproj", "{6377EBAA-B2B5-4649-9280-A36582AA15D2}"
EndProject
Global
	GlobalSection(SolutionConfigurationPlatforms) = preSolution
		Debug|Any CPU = Debug|Any CPU
		Release|Any CPU = Release|Any CPU
	EndGlobalSection
	GlobalSection(ProjectConfigurationPlatforms) = postSolution
		{6377EBAA-B2B5-4649-9280-A36582AA15D2}.Debug|Any CPU.ActiveCfg = Debug|Any CPU
		{6377EBAA-B2B5-4649-9280-A36582AA15D2}.Debug|Any CPU.Build.0 = Debug|Any CPU
		{6377EBAA-B2B5-4649-9280-A36582AA15D2}.Release|Any CPU.ActiveCfg = Release|Any CPU
		{6377EBAA-B2B5-4649-9280-A36582AA15D2}.Release|Any CPU.Build.0 = Release|Any CPU
	EndGlobalSection
	GlobalSection(SolutionProperties) = preSolution
		HideSolutionNode = FALSE
	EndGlobalSection
	GlobalSection(ExtensibilityGlobals) = postSolution
		SolutionGuid = {72068340-CF39-4597-BD9A-2488C856B4BC}
	EndGlobalSection
EndGlobal
